
Microsoft Visual Studio Solution File, Format Version 12.00
# Visual Studio Version 16
VisualStudioVersion = 16.0.30804.86
MinimumVisualStudioVersion = 10.0.40219.1
Project("{9A19103F-16F7-4668-BE54-9A1E7A4F7556}") = "Fibula.Scheduling.Contracts", "Fibula.Scheduling.Contracts\Fibula.Scheduling.Contracts.csproj", "{4ACEB0FF-F4E3-4438-94B4-A521DAFB4159}"
EndProject
Project("{9A19103F-16F7-4668-BE54-9A1E7A4F7556}") = "Fibula.Scheduling", "Fibula.Scheduling\Fibula.Scheduling.csproj", "{A258B2E4-AE08-49B1-A3DF-CD0EC2BFB68E}"
EndProject
Project("{9A19103F-16F7-4668-BE54-9A1E7A4F7556}") = "Fibula.Scheduling.Tests", "Fibula.Scheduling.Tests\Fibula.Scheduling.Tests.csproj", "{0EF1A5EB-E077-4602-8BA0-B3314FA16D04}"
EndProject
Global
	GlobalSection(SolutionConfigurationPlatforms) = preSolution
		Debug|Any CPU = Debug|Any CPU
		Release|Any CPU = Release|Any CPU
	EndGlobalSection
	GlobalSection(ProjectConfigurationPlatforms) = postSolution
		{4ACEB0FF-F4E3-4438-94B4-A521DAFB4159}.Debug|Any CPU.ActiveCfg = Debug|Any CPU
		{4ACEB0FF-F4E3-4438-94B4-A521DAFB4159}.Debug|Any CPU.Build.0 = Debug|Any CPU
		{4ACEB0FF-F4E3-4438-94B4-A521DAFB4159}.Release|Any CPU.ActiveCfg = Release|Any CPU
		{4ACEB0FF-F4E3-4438-94B4-A521DAFB4159}.Release|Any CPU.Build.0 = Release|Any CPU
		{A258B2E4-AE08-49B1-A3DF-CD0EC2BFB68E}.Debug|Any CPU.ActiveCfg = Debug|Any CPU
		{A258B2E4-AE08-49B1-A3DF-CD0EC2BFB68E}.Debug|Any CPU.Build.0 = Debug|Any CPU
		{A258B2E4-AE08-49B1-A3DF-CD0EC2BFB68E}.Release|Any CPU.ActiveCfg = Release|Any CPU
		{A258B2E4-AE08-49B1-A3DF-CD0EC2BFB68E}.Release|Any CPU.Build.0 = Release|Any CPU
		{0EF1A5EB-E077-4602-8BA0-B3314FA16D04}.Debug|Any CPU.ActiveCfg = Debug|Any CPU
		{0EF1A5EB-E077-4602-8BA0-B3314FA16D04}.Debug|Any CPU.Build.0 = Debug|Any CPU
		{0EF1A5EB-E077-4602-8BA0-B3314FA16D04}.Release|Any CPU.ActiveCfg = Release|Any CPU
		{0EF1A5EB-E077-4602-8BA0-B3314FA16D04}.Release|Any CPU.Build.0 = Release|Any CPU
	EndGlobalSection
	GlobalSection(SolutionProperties) = preSolution
		HideSolutionNode = FALSE
	EndGlobalSection
	GlobalSection(ExtensibilityGlobals) = postSolution
		SolutionGuid = {3756A99A-6F30-4229-AC79-72E6F8D21E3E}
	EndGlobalSection
EndGlobal
